version: 2.0
shards:
  ameba:
    git: https://github.com/crystal-ameba/ameba.git
    version: 1.5.0+git.commit.18d193bd0831db721adeaed41655dd40cad3c0ae

  crystal-kcov:
    git: https://github.com/vici37/crystal-kcov.git
    version: 0.2.3+git.commit.7e49fe22d7d47040c9de77eb77a6daa76ce0655d

  db:
    git: https://github.com/crystal-lang/crystal-db.git
    version: 0.12.0

  spectator:
    git: https://gitlab.com/arctic-fox/spectator.git
    version: 0.11.6

  sqlite3:
    git: https://github.com/crystal-lang/crystal-sqlite3.git
    version: 0.20.0

  webmock:
    git: https://github.com/manastech/webmock.cr.git
    version: 0.14.0

